
Microsoft Visual Studio Solution File, Format Version 12.00
# Visual Studio Version 17
VisualStudioVersion = 17.4.33110.190
MinimumVisualStudioVersion = 10.0.40219.1
Project("{8BC9CEB8-8B4A-11D0-8D11-00A0C91BC942}") = "Min_Library", "Min_Library\Min_Library.vcxproj", "{45C115F4-84D0-4C9A-B648-527BF0E46AE7}"
EndProject
Project("{8BC9CEB8-8B4A-11D0-8D11-00A0C91BC942}") = "jump_table", "jump_table\jump_table.vcxproj", "{C3EF7838-3A05-4E1B-BEC5-BFFDCDE0444E}"
EndProject
Project("{8BC9CEB8-8B4A-11D0-8D11-00A0C91BC942}") = "Algo_Study", "Algo_Study\Algo_Study.vcxproj", "{6A59E0F9-F102-4A79-BF81-3DAFB0F50238}"
EndProject
Project("{8BC9CEB8-8B4A-11D0-8D11-00A0C91BC942}") = "CList", "CList\CList.vcxproj", "{FA580A09-9EB7-4948-964C-2344DB2928BD}"
EndProject
Project("{8BC9CEB8-8B4A-11D0-8D11-00A0C91BC942}") = "CSerealBuffer", "CSerealBuffer\CSerealBuffer.vcxproj", "{A80C01B7-7229-4924-9505-9082FD70B818}"
EndProject
Project("{8BC9CEB8-8B4A-11D0-8D11-00A0C91BC942}") = "CRingBuffer", "CRingBuffer\CRingBuffer.vcxproj", "{37F762ED-655C-463A-92A2-83403B29686E}"
EndProject
Project("{8BC9CEB8-8B4A-11D0-8D11-00A0C91BC942}") = "data_structure", "data_structure\data_structure.vcxproj", "{6D297E02-15BF-494B-9529-301226BF5A58}"
EndProject
Project("{8BC9CEB8-8B4A-11D0-8D11-00A0C91BC942}") = "MemoryPoll", "MemoryPoll\MemoryPoll.vcxproj", "{2699A4EA-D16F-4152-BC8E-2D7488BDB2C2}"
EndProject
Project("{8BC9CEB8-8B4A-11D0-8D11-00A0C91BC942}") = "DFS", "DFS\DFS.vcxproj", "{191EADF4-6D89-4913-B22D-C7120FAC4BC8}"
EndProject
Project("{8BC9CEB8-8B4A-11D0-8D11-00A0C91BC942}") = "BFS", "BFS\BFS.vcxproj", "{B7293E16-D623-4D23-B684-FE573C0B74CD}"
EndProject
Project("{8BC9CEB8-8B4A-11D0-8D11-00A0C91BC942}") = "CBST", "CBST\CBST.vcxproj", "{414AD674-FE42-4EF3-90B4-F51BD76F015D}"
EndProject
Project("{8BC9CEB8-8B4A-11D0-8D11-00A0C91BC942}") = "CRBT", "CRBT\CRBT.vcxproj", "{D5283675-AE57-4312-A4AA-7DEECFBBC973}"
EndProject
Project("{8BC9CEB8-8B4A-11D0-8D11-00A0C91BC942}") = "CHeap", "CHeap\CHeap.vcxproj", "{AFD9CD7A-2594-43C8-A790-5994B6C7E278}"
EndProject
Project("{8BC9CEB8-8B4A-11D0-8D11-00A0C91BC942}") = "CPRIORITYQUEUE", "PRIORITYQUEUE\PRIORITYQUEUE.vcxproj", "{3C9CBFD5-AB03-4C43-8DCA-DB9B860F7604}"
EndProject
Project("{8BC9CEB8-8B4A-11D0-8D11-00A0C91BC942}") = "Dijkstra", "Dijkstra\Dijkstra.vcxproj", "{F1DEDCEB-87DC-4200-8F09-1D7F3CD2C498}"
EndProject
Project("{8BC9CEB8-8B4A-11D0-8D11-00A0C91BC942}") = "A_STAR", "A_STAR\A_STAR.vcxproj", "{6CCF54DE-7EF1-49EA-B74E-C40A3C2247A0}"
EndProject
Project("{8BC9CEB8-8B4A-11D0-8D11-00A0C91BC942}") = "JFS", "JFS\JFS.vcxproj", "{82415ED4-1214-4CE4-9BAF-F89FBBE61000}"
EndProject
Project("{8BC9CEB8-8B4A-11D0-8D11-00A0C91BC942}") = "backTracking", "backTracking\backTracking.vcxproj", "{3D312655-2B65-484F-B6BD-E689E1B8CFE2}"
EndProject
Global
	GlobalSection(SolutionConfigurationPlatforms) = preSolution
		Debug|x64 = Debug|x64
		Debug|x86 = Debug|x86
		Release|x64 = Release|x64
		Release|x86 = Release|x86
	EndGlobalSection
	GlobalSection(ProjectConfigurationPlatforms) = postSolution
		{45C115F4-84D0-4C9A-B648-527BF0E46AE7}.Debug|x64.ActiveCfg = Debug|x64
		{45C115F4-84D0-4C9A-B648-527BF0E46AE7}.Debug|x64.Build.0 = Debug|x64
		{45C115F4-84D0-4C9A-B648-527BF0E46AE7}.Debug|x86.ActiveCfg = Debug|Win32
		{45C115F4-84D0-4C9A-B648-527BF0E46AE7}.Debug|x86.Build.0 = Debug|Win32
		{45C115F4-84D0-4C9A-B648-527BF0E46AE7}.Release|x64.ActiveCfg = Release|x64
		{45C115F4-84D0-4C9A-B648-527BF0E46AE7}.Release|x64.Build.0 = Release|x64
		{45C115F4-84D0-4C9A-B648-527BF0E46AE7}.Release|x86.ActiveCfg = Release|Win32
		{45C115F4-84D0-4C9A-B648-527BF0E46AE7}.Release|x86.Build.0 = Release|Win32
		{C3EF7838-3A05-4E1B-BEC5-BFFDCDE0444E}.Debug|x64.ActiveCfg = Debug|x64
		{C3EF7838-3A05-4E1B-BEC5-BFFDCDE0444E}.Debug|x64.Build.0 = Debug|x64
		{C3EF7838-3A05-4E1B-BEC5-BFFDCDE0444E}.Debug|x86.ActiveCfg = Debug|Win32
		{C3EF7838-3A05-4E1B-BEC5-BFFDCDE0444E}.Debug|x86.Build.0 = Debug|Win32
		{C3EF7838-3A05-4E1B-BEC5-BFFDCDE0444E}.Release|x64.ActiveCfg = Release|x64
		{C3EF7838-3A05-4E1B-BEC5-BFFDCDE0444E}.Release|x64.Build.0 = Release|x64
		{C3EF7838-3A05-4E1B-BEC5-BFFDCDE0444E}.Release|x86.ActiveCfg = Release|Win32
		{C3EF7838-3A05-4E1B-BEC5-BFFDCDE0444E}.Release|x86.Build.0 = Release|Win32
		{6A59E0F9-F102-4A79-BF81-3DAFB0F50238}.Debug|x64.ActiveCfg = Debug|x64
		{6A59E0F9-F102-4A79-BF81-3DAFB0F50238}.Debug|x64.Build.0 = Debug|x64
		{6A59E0F9-F102-4A79-BF81-3DAFB0F50238}.Debug|x86.ActiveCfg = Debug|Win32
		{6A59E0F9-F102-4A79-BF81-3DAFB0F50238}.Debug|x86.Build.0 = Debug|Win32
		{6A59E0F9-F102-4A79-BF81-3DAFB0F50238}.Release|x64.ActiveCfg = Release|x64
		{6A59E0F9-F102-4A79-BF81-3DAFB0F50238}.Release|x64.Build.0 = Release|x64
		{6A59E0F9-F102-4A79-BF81-3DAFB0F50238}.Release|x86.ActiveCfg = Release|Win32
		{6A59E0F9-F102-4A79-BF81-3DAFB0F50238}.Release|x86.Build.0 = Release|Win32
		{FA580A09-9EB7-4948-964C-2344DB2928BD}.Debug|x64.ActiveCfg = Debug|x64
		{FA580A09-9EB7-4948-964C-2344DB2928BD}.Debug|x64.Build.0 = Debug|x64
		{FA580A09-9EB7-4948-964C-2344DB2928BD}.Debug|x86.ActiveCfg = Debug|Win32
		{FA580A09-9EB7-4948-964C-2344DB2928BD}.Debug|x86.Build.0 = Debug|Win32
		{FA580A09-9EB7-4948-964C-2344DB2928BD}.Release|x64.ActiveCfg = Release|x64
		{FA580A09-9EB7-4948-964C-2344DB2928BD}.Release|x64.Build.0 = Release|x64
		{FA580A09-9EB7-4948-964C-2344DB2928BD}.Release|x86.ActiveCfg = Release|Win32
		{FA580A09-9EB7-4948-964C-2344DB2928BD}.Release|x86.Build.0 = Release|Win32
		{A80C01B7-7229-4924-9505-9082FD70B818}.Debug|x64.ActiveCfg = Debug|x64
		{A80C01B7-7229-4924-9505-9082FD70B818}.Debug|x64.Build.0 = Debug|x64
		{A80C01B7-7229-4924-9505-9082FD70B818}.Debug|x86.ActiveCfg = Debug|Win32
		{A80C01B7-7229-4924-9505-9082FD70B818}.Debug|x86.Build.0 = Debug|Win32
		{A80C01B7-7229-4924-9505-9082FD70B818}.Release|x64.ActiveCfg = Release|x64
		{A80C01B7-7229-4924-9505-9082FD70B818}.Release|x64.Build.0 = Release|x64
		{A80C01B7-7229-4924-9505-9082FD70B818}.Release|x86.ActiveCfg = Release|Win32
		{A80C01B7-7229-4924-9505-9082FD70B818}.Release|x86.Build.0 = Release|Win32
		{37F762ED-655C-463A-92A2-83403B29686E}.Debug|x64.ActiveCfg = Debug|x64
		{37F762ED-655C-463A-92A2-83403B29686E}.Debug|x64.Build.0 = Debug|x64
		{37F762ED-655C-463A-92A2-83403B29686E}.Debug|x86.ActiveCfg = Debug|Win32
		{37F762ED-655C-463A-92A2-83403B29686E}.Debug|x86.Build.0 = Debug|Win32
		{37F762ED-655C-463A-92A2-83403B29686E}.Release|x64.ActiveCfg = Release|x64
		{37F762ED-655C-463A-92A2-83403B29686E}.Release|x64.Build.0 = Release|x64
		{37F762ED-655C-463A-92A2-83403B29686E}.Release|x86.ActiveCfg = Release|Win32
		{37F762ED-655C-463A-92A2-83403B29686E}.Release|x86.Build.0 = Release|Win32
		{6D297E02-15BF-494B-9529-301226BF5A58}.Debug|x64.ActiveCfg = Debug|x64
		{6D297E02-15BF-494B-9529-301226BF5A58}.Debug|x64.Build.0 = Debug|x64
		{6D297E02-15BF-494B-9529-301226BF5A58}.Debug|x86.ActiveCfg = Debug|Win32
		{6D297E02-15BF-494B-9529-301226BF5A58}.Debug|x86.Build.0 = Debug|Win32
		{6D297E02-15BF-494B-9529-301226BF5A58}.Release|x64.ActiveCfg = Release|x64
		{6D297E02-15BF-494B-9529-301226BF5A58}.Release|x64.Build.0 = Release|x64
		{6D297E02-15BF-494B-9529-301226BF5A58}.Release|x86.ActiveCfg = Release|Win32
		{6D297E02-15BF-494B-9529-301226BF5A58}.Release|x86.Build.0 = Release|Win32
		{2699A4EA-D16F-4152-BC8E-2D7488BDB2C2}.Debug|x64.ActiveCfg = Debug|x64
		{2699A4EA-D16F-4152-BC8E-2D7488BDB2C2}.Debug|x64.Build.0 = Debug|x64
		{2699A4EA-D16F-4152-BC8E-2D7488BDB2C2}.Debug|x86.ActiveCfg = Debug|Win32
		{2699A4EA-D16F-4152-BC8E-2D7488BDB2C2}.Debug|x86.Build.0 = Debug|Win32
		{2699A4EA-D16F-4152-BC8E-2D7488BDB2C2}.Release|x64.ActiveCfg = Release|x64
		{2699A4EA-D16F-4152-BC8E-2D7488BDB2C2}.Release|x64.Build.0 = Release|x64
		{2699A4EA-D16F-4152-BC8E-2D7488BDB2C2}.Release|x86.ActiveCfg = Release|Win32
		{2699A4EA-D16F-4152-BC8E-2D7488BDB2C2}.Release|x86.Build.0 = Release|Win32
		{191EADF4-6D89-4913-B22D-C7120FAC4BC8}.Debug|x64.ActiveCfg = Debug|x64
		{191EADF4-6D89-4913-B22D-C7120FAC4BC8}.Debug|x64.Build.0 = Debug|x64
		{191EADF4-6D89-4913-B22D-C7120FAC4BC8}.Debug|x86.ActiveCfg = Debug|Win32
		{191EADF4-6D89-4913-B22D-C7120FAC4BC8}.Debug|x86.Build.0 = Debug|Win32
		{191EADF4-6D89-4913-B22D-C7120FAC4BC8}.Release|x64.ActiveCfg = Release|x64
		{191EADF4-6D89-4913-B22D-C7120FAC4BC8}.Release|x64.Build.0 = Release|x64
		{191EADF4-6D89-4913-B22D-C7120FAC4BC8}.Release|x86.ActiveCfg = Release|Win32
		{191EADF4-6D89-4913-B22D-C7120FAC4BC8}.Release|x86.Build.0 = Release|Win32
		{B7293E16-D623-4D23-B684-FE573C0B74CD}.Debug|x64.ActiveCfg = Debug|x64
		{B7293E16-D623-4D23-B684-FE573C0B74CD}.Debug|x64.Build.0 = Debug|x64
		{B7293E16-D623-4D23-B684-FE573C0B74CD}.Debug|x86.ActiveCfg = Debug|Win32
		{B7293E16-D623-4D23-B684-FE573C0B74CD}.Debug|x86.Build.0 = Debug|Win32
		{B7293E16-D623-4D23-B684-FE573C0B74CD}.Release|x64.ActiveCfg = Release|x64
		{B7293E16-D623-4D23-B684-FE573C0B74CD}.Release|x64.Build.0 = Release|x64
		{B7293E16-D623-4D23-B684-FE573C0B74CD}.Release|x86.ActiveCfg = Release|Win32
		{B7293E16-D623-4D23-B684-FE573C0B74CD}.Release|x86.Build.0 = Release|Win32
		{414AD674-FE42-4EF3-90B4-F51BD76F015D}.Debug|x64.ActiveCfg = Debug|x64
		{414AD674-FE42-4EF3-90B4-F51BD76F015D}.Debug|x64.Build.0 = Debug|x64
		{414AD674-FE42-4EF3-90B4-F51BD76F015D}.Debug|x86.ActiveCfg = Debug|Win32
		{414AD674-FE42-4EF3-90B4-F51BD76F015D}.Debug|x86.Build.0 = Debug|Win32
		{414AD674-FE42-4EF3-90B4-F51BD76F015D}.Release|x64.ActiveCfg = Release|x64
		{414AD674-FE42-4EF3-90B4-F51BD76F015D}.Release|x64.Build.0 = Release|x64
		{414AD674-FE42-4EF3-90B4-F51BD76F015D}.Release|x86.ActiveCfg = Release|Win32
		{414AD674-FE42-4EF3-90B4-F51BD76F015D}.Release|x86.Build.0 = Release|Win32
		{D5283675-AE57-4312-A4AA-7DEECFBBC973}.Debug|x64.ActiveCfg = Debug|x64
		{D5283675-AE57-4312-A4AA-7DEECFBBC973}.Debug|x64.Build.0 = Debug|x64
		{D5283675-AE57-4312-A4AA-7DEECFBBC973}.Debug|x86.ActiveCfg = Debug|Win32
		{D5283675-AE57-4312-A4AA-7DEECFBBC973}.Debug|x86.Build.0 = Debug|Win32
		{D5283675-AE57-4312-A4AA-7DEECFBBC973}.Release|x64.ActiveCfg = Release|x64
		{D5283675-AE57-4312-A4AA-7DEECFBBC973}.Release|x64.Build.0 = Release|x64
		{D5283675-AE57-4312-A4AA-7DEECFBBC973}.Release|x86.ActiveCfg = Release|Win32
		{D5283675-AE57-4312-A4AA-7DEECFBBC973}.Release|x86.Build.0 = Release|Win32
		{AFD9CD7A-2594-43C8-A790-5994B6C7E278}.Debug|x64.ActiveCfg = Debug|x64
		{AFD9CD7A-2594-43C8-A790-5994B6C7E278}.Debug|x64.Build.0 = Debug|x64
		{AFD9CD7A-2594-43C8-A790-5994B6C7E278}.Debug|x86.ActiveCfg = Debug|Win32
		{AFD9CD7A-2594-43C8-A790-5994B6C7E278}.Debug|x86.Build.0 = Debug|Win32
		{AFD9CD7A-2594-43C8-A790-5994B6C7E278}.Release|x64.ActiveCfg = Release|x64
		{AFD9CD7A-2594-43C8-A790-5994B6C7E278}.Release|x64.Build.0 = Release|x64
		{AFD9CD7A-2594-43C8-A790-5994B6C7E278}.Release|x86.ActiveCfg = Release|Win32
		{AFD9CD7A-2594-43C8-A790-5994B6C7E278}.Release|x86.Build.0 = Release|Win32
		{3C9CBFD5-AB03-4C43-8DCA-DB9B860F7604}.Debug|x64.ActiveCfg = Debug|x64
		{3C9CBFD5-AB03-4C43-8DCA-DB9B860F7604}.Debug|x64.Build.0 = Debug|x64
		{3C9CBFD5-AB03-4C43-8DCA-DB9B860F7604}.Debug|x86.ActiveCfg = Debug|Win32
		{3C9CBFD5-AB03-4C43-8DCA-DB9B860F7604}.Debug|x86.Build.0 = Debug|Win32
		{3C9CBFD5-AB03-4C43-8DCA-DB9B860F7604}.Release|x64.ActiveCfg = Release|x64
		{3C9CBFD5-AB03-4C43-8DCA-DB9B860F7604}.Release|x64.Build.0 = Release|x64
		{3C9CBFD5-AB03-4C43-8DCA-DB9B860F7604}.Release|x86.ActiveCfg = Release|Win32
		{3C9CBFD5-AB03-4C43-8DCA-DB9B860F7604}.Release|x86.Build.0 = Release|Win32
		{F1DEDCEB-87DC-4200-8F09-1D7F3CD2C498}.Debug|x64.ActiveCfg = Debug|x64
		{F1DEDCEB-87DC-4200-8F09-1D7F3CD2C498}.Debug|x64.Build.0 = Debug|x64
		{F1DEDCEB-87DC-4200-8F09-1D7F3CD2C498}.Debug|x86.ActiveCfg = Debug|Win32
		{F1DEDCEB-87DC-4200-8F09-1D7F3CD2C498}.Debug|x86.Build.0 = Debug|Win32
		{F1DEDCEB-87DC-4200-8F09-1D7F3CD2C498}.Release|x64.ActiveCfg = Release|x64
		{F1DEDCEB-87DC-4200-8F09-1D7F3CD2C498}.Release|x64.Build.0 = Release|x64
		{F1DEDCEB-87DC-4200-8F09-1D7F3CD2C498}.Release|x86.ActiveCfg = Release|Win32
		{F1DEDCEB-87DC-4200-8F09-1D7F3CD2C498}.Release|x86.Build.0 = Release|Win32
		{6CCF54DE-7EF1-49EA-B74E-C40A3C2247A0}.Debug|x64.ActiveCfg = Debug|x64
		{6CCF54DE-7EF1-49EA-B74E-C40A3C2247A0}.Debug|x64.Build.0 = Debug|x64
		{6CCF54DE-7EF1-49EA-B74E-C40A3C2247A0}.Debug|x86.ActiveCfg = Debug|Win32
		{6CCF54DE-7EF1-49EA-B74E-C40A3C2247A0}.Debug|x86.Build.0 = Debug|Win32
		{6CCF54DE-7EF1-49EA-B74E-C40A3C2247A0}.Release|x64.ActiveCfg = Release|x64
		{6CCF54DE-7EF1-49EA-B74E-C40A3C2247A0}.Release|x64.Build.0 = Release|x64
		{6CCF54DE-7EF1-49EA-B74E-C40A3C2247A0}.Release|x86.ActiveCfg = Release|Win32
		{6CCF54DE-7EF1-49EA-B74E-C40A3C2247A0}.Release|x86.Build.0 = Release|Win32
		{82415ED4-1214-4CE4-9BAF-F89FBBE61000}.Debug|x64.ActiveCfg = Debug|x64
		{82415ED4-1214-4CE4-9BAF-F89FBBE61000}.Debug|x64.Build.0 = Debug|x64
		{82415ED4-1214-4CE4-9BAF-F89FBBE61000}.Debug|x86.ActiveCfg = Debug|Win32
		{82415ED4-1214-4CE4-9BAF-F89FBBE61000}.Debug|x86.Build.0 = Debug|Win32
		{82415ED4-1214-4CE4-9BAF-F89FBBE61000}.Release|x64.ActiveCfg = Release|x64
		{82415ED4-1214-4CE4-9BAF-F89FBBE61000}.Release|x64.Build.0 = Release|x64
		{82415ED4-1214-4CE4-9BAF-F89FBBE61000}.Release|x86.ActiveCfg = Release|Win32
		{82415ED4-1214-4CE4-9BAF-F89FBBE61000}.Release|x86.Build.0 = Release|Win32
		{3D312655-2B65-484F-B6BD-E689E1B8CFE2}.Debug|x64.ActiveCfg = Debug|x64
		{3D312655-2B65-484F-B6BD-E689E1B8CFE2}.Debug|x64.Build.0 = Debug|x64
		{3D312655-2B65-484F-B6BD-E689E1B8CFE2}.Debug|x86.ActiveCfg = Debug|Win32
		{3D312655-2B65-484F-B6BD-E689E1B8CFE2}.Debug|x86.Build.0 = Debug|Win32
		{3D312655-2B65-484F-B6BD-E689E1B8CFE2}.Release|x64.ActiveCfg = Release|x64
		{3D312655-2B65-484F-B6BD-E689E1B8CFE2}.Release|x64.Build.0 = Release|x64
		{3D312655-2B65-484F-B6BD-E689E1B8CFE2}.Release|x86.ActiveCfg = Release|Win32
		{3D312655-2B65-484F-B6BD-E689E1B8CFE2}.Release|x86.Build.0 = Release|Win32
	EndGlobalSection
	GlobalSection(SolutionProperties) = preSolution
		HideSolutionNode = FALSE
	EndGlobalSection
	GlobalSection(ExtensibilityGlobals) = postSolution
		SolutionGuid = {22E5FDE4-3463-4275-A39E-DBB5CA192B49}
	EndGlobalSection
EndGlobal
